github.com/davecgh/go-spew v1.1.0/go.mod h1:J7Y8YcW2NihsgmVo/mv3lAwl/skON4iLHjSsI+c5H38=
github.com/davecgh/go-spew v1.1.1/go.mod h1:J7Y8YcW2NihsgmVo/mv3lAwl/skON4iLHjSsI+c5H38=
github.com/go-sql-driver/mysql v1.5.0/go.mod h1:DCzpHaOWr8IXmIStZouvnhqoel9Qv2LBy8hT2VhHyBg=
github.com/google/gofuzz v1.0.0/go.mod h1:dBl0BpW6vV/+mYPU4Po3pmUjxk6FQPldtuIdl/M65Eg=
github.com/gorilla/websocket v1.4.2/go.mod h1:YR8l580nyteQvAITg2hZ9XVh4b55+EU/adAjf1fMHhE=
github.com/json-iterator/go v1.1.12/go.mod h1:e30LSqwooZae/UwlEbR2852Gd8hjQvJoHmT4TnhNGBo=
github.com/larspensjo/config v0.0.0-20160228172812-b6db95dc6321/go.mod h1:2tvhHYSOp38Gz/nhlXdCBepDFHG1/GCI0nuk4Dv9EyM=
github.com/loudbund/go-json v1.0.0/go.mod h1:szBBt6hUNf4Cxo6HoVEbN17znTEmD0Wgma2kQs6SiOE=
github.com/loudbund/go-mysql v1.0.0/go.mod h1:hRMuEgBeso9Y8WaWjKLdm21+K1v/CN9gPkQy8AVfWzQ=
github.com/loudbund/go-pool v1.0.0/go.mod h1:bI3qJr4pNlmIXNUg2LseDuuAJMDET+KaZOXMCtnJufU=
github.com/loudbund/go-progress v1.0.0/go.mod h1:b/pJOdK43DTQ7WWhe1FtnLkcuTlEDocakYdOH4RaamQ=
github.com/loudbund/go-request v1.0.0/go.mod h1:rCe7Y8E7qT2c33RTN4Ay1ZEnn0qCYQKod3HLF7TS3S8=
github.com/loudbund/go-socket v1.0.4/go.mod h1:tYA+/Bpd7mtNBehQDIBsMb8Arso+UeSQaQoCycjUPOI=
github.com/modern-go/concurrent v0.0.0-20180228061459-e0a39a4cb421/go.mod h1:6dJC0mAP4ikYIbvyc7fijjWJddQyLn8Ig3JB5CqoB9Q=
github.com/modern-go/reflect2 v1.0.2/go.mod h1:yWuevngMOJpCy52FWWMvUC8ws7m/LJsjYzDa0/r8luk=
github.com/pmezard/go-difflib v1.0.0/go.mod h1:iKH77koFhYxTK1pcRnkKkqfTogsbg7gZNVY4sRDYZ/4=
github.com/sirupsen/logrus v1.8.1/go.mod h1:yWOB1SBYBC5VeMP7gHvWumXLIWorT60ONWic61uBYv0=
github.com/stretchr/objx v0.1.0/go.mod h1:HFkY916IF+rwdDfMAkV7OtwuqBVzrE8GR6GFx+wExME=
github.com/stretchr/testify v1.2.2/go.mod h1:a8OnRcib4nhh0OaRAV+Yts87kKdq0PP7pXfy6kDkUVs=
github.com/stretchr/testify v1.3.0/go.mod h1:M5WIy9Dh21IEIfnGCwXGc5bZfKNJtfHm1UVUgZn+9EI=
github.com/zhoujianstudio/go-websocket v1.0.1/go.mod h1:popcQ+sLABwmLdIe74IPUyUIRAE9DkK9l7Yt3WQ17rU=
golang.org/x/sys v0.0.0-20191026070338-33540a1f6037/go.mod h1:h1NjWce9XRLGQEsW7wpKNCjG9DtNlClVuFLEZdDNbEs=
